// !$*UTF8*$!
{
	archiveVersion = 1;
	classes = {
	};
	objectVersion = 56;
	objects = {

/* Begin PBXBuildFile section */
		825771082BA6F31B0020E335 /* Tasks.swift in Sources */ = {isa = PBXBuildFile; fileRef = 825771012BA6F31B0020E335 /* Tasks.swift */; };
		8257710A2BA6F31B0020E335 /* Game.swift in Sources */ = {isa = PBXBuildFile; fileRef = 825771032BA6F31B0020E335 /* Game.swift */; };
		8278BE8C2BA7B7E400DC395A /* IRC.swift in Sources */ = {isa = PBXBuildFile; fileRef = 8278BE8B2BA7B7E400DC395A /* IRC.swift */; };
		8278BE8E2BA7B7ED00DC395A /* IRCServerInputParser.swift in Sources */ = {isa = PBXBuildFile; fileRef = 8278BE8D2BA7B7ED00DC395A /* IRCServerInputParser.swift */; };
		8278BE922BA7C46900DC395A /* main.swift in Sources */ = {isa = PBXBuildFile; fileRef = 8278BE912BA7C46900DC395A /* main.swift */; };
		8278BE982BA7C4CB00DC395A /* Commands.swift in Sources */ = {isa = PBXBuildFile; fileRef = 8278BE972BA7C4CB00DC395A /* Commands.swift */; };
		8278BE9A2BA7C4DC00DC395A /* TwitchChat.swift in Sources */ = {isa = PBXBuildFile; fileRef = 8278BE992BA7C4DC00DC395A /* TwitchChat.swift */; };
/* End PBXBuildFile section */

/* Begin PBXCopyFilesBuildPhase section */
		825770F52BA6F30F0020E335 /* CopyFiles */ = {
			isa = PBXCopyFilesBuildPhase;
			buildActionMask = 2147483647;
			dstPath = /usr/share/man/man1/;
			dstSubfolderSpec = 0;
			files = (
			);
			runOnlyForDeploymentPostprocessing = 1;
		};
/* End PBXCopyFilesBuildPhase section */

/* Begin PBXFileReference section */
		825770F72BA6F30F0020E335 /* Twitch Bot */ = {isa = PBXFileReference; explicitFileType = "compiled.mach-o.executable"; includeInIndex = 0; path = "Twitch Bot"; sourceTree = BUILT_PRODUCTS_DIR; };
		825771012BA6F31B0020E335 /* Tasks.swift */ = {isa = PBXFileReference; fileEncoding = 4; lastKnownFileType = sourcecode.swift; path = Tasks.swift; sourceTree = "<group>"; };
		825771032BA6F31B0020E335 /* Game.swift */ = {isa = PBXFileReference; fileEncoding = 4; lastKnownFileType = sourcecode.swift; path = Game.swift; sourceTree = "<group>"; };
		8278BE8B2BA7B7E400DC395A /* IRC.swift */ = {isa = PBXFileReference; fileEncoding = 4; lastKnownFileType = sourcecode.swift; path = IRC.swift; sourceTree = "<group>"; };
		8278BE8D2BA7B7ED00DC395A /* IRCServerInputParser.swift */ = {isa = PBXFileReference; fileEncoding = 4; lastKnownFileType = sourcecode.swift; path = IRCServerInputParser.swift; sourceTree = "<group>"; };
		8278BE912BA7C46900DC395A /* main.swift */ = {isa = PBXFileReference; fileEncoding = 4; lastKnownFileType = sourcecode.swift; path = main.swift; sourceTree = "<group>"; };
		8278BE972BA7C4CB00DC395A /* Commands.swift */ = {isa = PBXFileReference; fileEncoding = 4; lastKnownFileType = sourcecode.swift; path = Commands.swift; sourceTree = "<group>"; };
		8278BE992BA7C4DC00DC395A /* TwitchChat.swift */ = {isa = PBXFileReference; fileEncoding = 4; lastKnownFileType = sourcecode.swift; path = TwitchChat.swift; sourceTree = "<group>"; };
/* End PBXFileReference section */

/* Begin PBXFrameworksBuildPhase section */
		825770F42BA6F30F0020E335 /* Frameworks */ = {
			isa = PBXFrameworksBuildPhase;
			buildActionMask = 2147483647;
			files = (
			);
			runOnlyForDeploymentPostprocessing = 0;
		};
/* End PBXFrameworksBuildPhase section */

/* Begin PBXGroup section */
		825770EE2BA6F30F0020E335 = {
			isa = PBXGroup;
			children = (
				825770F92BA6F30F0020E335 /* Twitch Bot */,
				825770F82BA6F30F0020E335 /* Products */,
			);
			sourceTree = "<group>";
		};
		825770F82BA6F30F0020E335 /* Products */ = {
			isa = PBXGroup;
			children = (
				825770F72BA6F30F0020E335 /* Twitch Bot */,
			);
			name = Products;
			sourceTree = "<group>";
		};
		825770F92BA6F30F0020E335 /* Twitch Bot */ = {
			isa = PBXGroup;
			children = (
				8278BE8A2BA7B7DA00DC395A /* Lib */,
				825771032BA6F31B0020E335 /* Game.swift */,
				825771012BA6F31B0020E335 /* Tasks.swift */,
				8278BE912BA7C46900DC395A /* main.swift */,
				8278BE972BA7C4CB00DC395A /* Commands.swift */,
				8278BE992BA7C4DC00DC395A /* TwitchChat.swift */,
			);
			path = "Twitch Bot";
			sourceTree = "<group>";
		};
		8278BE8A2BA7B7DA00DC395A /* Lib */ = {
			isa = PBXGroup;
			children = (
				8278BE8D2BA7B7ED00DC395A /* IRCServerInputParser.swift */,
				8278BE8B2BA7B7E400DC395A /* IRC.swift */,
			);
			path = Lib;
			sourceTree = "<group>";
		};
/* End PBXGroup section */

/* Begin PBXNativeTarget section */
		825770F62BA6F30F0020E335 /* Twitch Bot */ = {
			isa = PBXNativeTarget;
			buildConfigurationList = 825770FE2BA6F30F0020E335 /* Build configuration list for PBXNativeTarget "Twitch Bot" */;
			buildPhases = (
				825770F32BA6F30F0020E335 /* Sources */,
				825770F42BA6F30F0020E335 /* Frameworks */,
				825770F52BA6F30F0020E335 /* CopyFiles */,
			);
			buildRules = (
			);
			dependencies = (
			);
			name = "Twitch Bot";
			productName = "Twitch Bot";
			productReference = 825770F72BA6F30F0020E335 /* Twitch Bot */;
			productType = "com.apple.product-type.tool";
		};
/* End PBXNativeTarget section */

/* Begin PBXProject section */
		825770EF2BA6F30F0020E335 /* Project object */ = {
			isa = PBXProject;
			attributes = {
				BuildIndependentTargetsInParallel = 1;
				LastSwiftUpdateCheck = 1530;
				LastUpgradeCheck = 1530;
				TargetAttributes = {
					825770F62BA6F30F0020E335 = {
						CreatedOnToolsVersion = 15.3;
					};
				};
			};
			buildConfigurationList = 825770F22BA6F30F0020E335 /* Build configuration list for PBXProject "Twitch Bot" */;
			compatibilityVersion = "Xcode 14.0";
			developmentRegion = en;
			hasScannedForEncodings = 0;
			knownRegions = (
				en,
				Base,
			);
			mainGroup = 825770EE2BA6F30F0020E335;
			productRefGroup = 825770F82BA6F30F0020E335 /* Products */;
			projectDirPath = "";
			projectRoot = "";
			targets = (
				825770F62BA6F30F0020E335 /* Twitch Bot */,
			);
		};
/* End PBXProject section */

/* Begin PBXSourcesBuildPhase section */
		825770F32BA6F30F0020E335 /* Sources */ = {
			isa = PBXSourcesBuildPhase;
			buildActionMask = 2147483647;
			files = (
				825771082BA6F31B0020E335 /* Tasks.swift in Sources */,
				8278BE982BA7C4CB00DC395A /* Commands.swift in Sources */,
				8278BE9A2BA7C4DC00DC395A /* TwitchChat.swift in Sources */,
				8257710A2BA6F31B0020E335 /* Game.swift in Sources */,
				8278BE922BA7C46900DC395A /* main.swift in Sources */,
				8278BE8C2BA7B7E400DC395A /* IRC.swift in Sources */,
				8278BE8E2BA7B7ED00DC395A /* IRCServerInputParser.swift in Sources */,
			);
			runOnlyForDeploymentPostprocessing = 0;
		};
/* End PBXSourcesBuildPhase section */

/* Begin XCBuildConfiguration section */
		825770FC2BA6F30F0020E335 /* Debug */ = {
			isa = XCBuildConfiguration;
			buildSettings = {
				ALWAYS_SEARCH_USER_PATHS = NO;
				ASSETCATALOG_COMPILER_GENERATE_SWIFT_ASSET_SYMBOL_EXTENSIONS = YES;
				CLANG_ANALYZER_NONNULL = YES;
				CLANG_ANALYZER_NUMBER_OBJECT_CONVERSION = YES_AGGRESSIVE;
				CLANG_CXX_LANGUAGE_STANDARD = "gnu++20";
				CLANG_ENABLE_MODULES = YES;
				CLANG_ENABLE_OBJC_ARC = YES;
				CLANG_ENABLE_OBJC_WEAK = YES;
				CLANG_WARN_BLOCK_CAPTURE_AUTORELEASING = YES;
				CLANG_WARN_BOOL_CONVERSION = YES;
				CLANG_WARN_COMMA = YES;
				CLANG_WARN_CONSTANT_CONVERSION = YES;
				CLANG_WARN_DEPRECATED_OBJC_IMPLEMENTATIONS = YES;
				CLANG_WARN_DIRECT_OBJC_ISA_USAGE = YES_ERROR;
				CLANG_WARN_DOCUMENTATION_COMMENTS = YES;
				CLANG_WARN_EMPTY_BODY = YES;
				CLANG_WARN_ENUM_CONVERSION = YES;
				CLANG_WARN_INFINITE_RECURSION = YES;
				CLANG_WARN_INT_CONVERSION = YES;
				CLANG_WARN_NON_LITERAL_NULL_CONVERSION = YES;
				CLANG_WARN_OBJC_IMPLICIT_RETAIN_SELF = YES;
				CLANG_WARN_OBJC_LITERAL_CONVERSION = YES;
				CLANG_WARN_OBJC_ROOT_CLASS = YES_ERROR;
				CLANG_WARN_QUOTED_INCLUDE_IN_FRAMEWORK_HEADER = YES;
				CLANG_WARN_RANGE_LOOP_ANALYSIS = YES;
				CLANG_WARN_STRICT_PROTOTYPES = YES;
				CLANG_WARN_SUSPICIOUS_MOVE = YES;
				CLANG_WARN_UNGUARDED_AVAILABILITY = YES_AGGRESSIVE;
				CLANG_WARN_UNREACHABLE_CODE = YES;
				CLANG_WARN__DUPLICATE_METHOD_MATCH = YES;
				COPY_PHASE_STRIP = NO;
				DEBUG_INFORMATION_FORMAT = dwarf;
				ENABLE_STRICT_OBJC_MSGSEND = YES;
				ENABLE_TESTABILITY = YES;
				ENABLE_USER_SCRIPT_SANDBOXING = YES;
				GCC_C_LANGUAGE_STANDARD = gnu17;
				GCC_DYNAMIC_NO_PIC = NO;
				GCC_NO_COMMON_BLOCKS = YES;
				GCC_OPTIMIZATION_LEVEL = 0;
				GCC_PREPROCESSOR_DEFINITIONS = (
					"DEBUG=1",
					"$(inherited)",
				);
				GCC_WARN_64_TO_32_BIT_CONVERSION = YES;
				GCC_WARN_ABOUT_RETURN_TYPE = YES_ERROR;
				GCC_WARN_UNDECLARED_SELECTOR = YES;
				GCC_WARN_UNINITIALIZED_AUTOS = YES_AGGRESSIVE;
				GCC_WARN_UNUSED_FUNCTION = YES;
				GCC_WARN_UNUSED_VARIABLE = YES;
				LOCALIZATION_PREFERS_STRING_CATALOGS = YES;
				MACOSX_DEPLOYMENT_TARGET = 14.3;
				MTL_ENABLE_DEBUG_INFO = INCLUDE_SOURCE;
				MTL_FAST_MATH = YES;
				ONLY_ACTIVE_ARCH = YES;
				SDKROOT = macosx;
				SWIFT_ACTIVE_COMPILATION_CONDITIONS = "DEBUG $(inherited)";
				SWIFT_OPTIMIZATION_LEVEL = "-Onone";
			};
			name = Debug;
		};
		825770FD2BA6F30F0020E335 /* Release */ = {
			isa = XCBuildConfiguration;
			buildSettings = {
				ALWAYS_SEARCH_USER_PATHS = NO;
				ASSETCATALOG_COMPILER_GENERATE_SWIFT_ASSET_SYMBOL_EXTENSIONS = YES;
				CLANG_ANALYZER_NONNULL = YES;
				CLANG_ANALYZER_NUMBER_OBJECT_CONVERSION = YES_AGGRESSIVE;
				CLANG_CXX_LANGUAGE_STANDARD = "gnu++20";
				CLANG_ENABLE_MODULES = YES;
				CLANG_ENABLE_OBJC_ARC = YES;
				CLANG_ENABLE_OBJC_WEAK = YES;
				CLANG_WARN_BLOCK_CAPTURE_AUTORELEASING = YES;
				CLANG_WARN_BOOL_CONVERSION = YES;
				CLANG_WARN_COMMA = YES;
				CLANG_WARN_CONSTANT_CONVERSION = YES;
				CLANG_WARN_DEPRECATED_OBJC_IMPLEMENTATIONS = YES;
				CLANG_WARN_DIRECT_OBJC_ISA_USAGE = YES_ERROR;
				CLANG_WARN_DOCUMENTATION_COMMENTS = YES;
				CLANG_WARN_EMPTY_BODY = YES;
				CLANG_WARN_ENUM_CONVERSION = YES;
				CLANG_WARN_INFINITE_RECURSION = YES;
				CLANG_WARN_INT_CONVERSION = YES;
				CLANG_WARN_NON_LITERAL_NULL_CONVERSION = YES;
				CLANG_WARN_OBJC_IMPLICIT_RETAIN_SELF = YES;
				CLANG_WARN_OBJC_LITERAL_CONVERSION = YES;
				CLANG_WARN_OBJC_ROOT_CLASS = YES_ERROR;
				CLANG_WARN_QUOTED_INCLUDE_IN_FRAMEWORK_HEADER = YES;
				CLANG_WARN_RANGE_LOOP_ANALYSIS = YES;
				CLANG_WARN_STRICT_PROTOTYPES = YES;
				CLANG_WARN_SUSPICIOUS_MOVE = YES;
				CLANG_WARN_UNGUARDED_AVAILABILITY = YES_AGGRESSIVE;
				CLANG_WARN_UNREACHABLE_CODE = YES;
				CLANG_WARN__DUPLICATE_METHOD_MATCH = YES;
				COPY_PHASE_STRIP = NO;
				DEBUG_INFORMATION_FORMAT = "dwarf-with-dsym";
				ENABLE_NS_ASSERTIONS = NO;
				ENABLE_STRICT_OBJC_MSGSEND = YES;
				ENABLE_USER_SCRIPT_SANDBOXING = YES;
				GCC_C_LANGUAGE_STANDARD = gnu17;
				GCC_NO_COMMON_BLOCKS = YES;
				GCC_WARN_64_TO_32_BIT_CONVERSION = YES;
				GCC_WARN_ABOUT_RETURN_TYPE = YES_ERROR;
				GCC_WARN_UNDECLARED_SELECTOR = YES;
				GCC_WARN_UNINITIALIZED_AUTOS = YES_AGGRESSIVE;
				GCC_WARN_UNUSED_FUNCTION = YES;
				GCC_WARN_UNUSED_VARIABLE = YES;
				LOCALIZATION_PREFERS_STRING_CATALOGS = YES;
				MACOSX_DEPLOYMENT_TARGET = 14.3;
				MTL_ENABLE_DEBUG_INFO = NO;
				MTL_FAST_MATH = YES;
				SDKROOT = macosx;
				SWIFT_COMPILATION_MODE = wholemodule;
			};
			name = Release;
		};
		825770FF2BA6F30F0020E335 /* Debug */ = {
			isa = XCBuildConfiguration;
			buildSettings = {
				CODE_SIGN_STYLE = Automatic;
				DEVELOPMENT_TEAM = R9Q98NC983;
				ENABLE_HARDENED_RUNTIME = YES;
				PRODUCT_NAME = "$(TARGET_NAME)";
				SWIFT_VERSION = 5.0;
			};
			name = Debug;
		};
		825771002BA6F30F0020E335 /* Release */ = {
			isa = XCBuildConfiguration;
			buildSettings = {
				CODE_SIGN_STYLE = Automatic;
				DEVELOPMENT_TEAM = R9Q98NC983;
				ENABLE_HARDENED_RUNTIME = YES;
				PRODUCT_NAME = "$(TARGET_NAME)";
				SWIFT_VERSION = 5.0;
			};
			name = Release;
		};
/* End XCBuildConfiguration section */

/* Begin XCConfigurationList section */
		825770F22BA6F30F0020E335 /* Build configuration list for PBXProject "Twitch Bot" */ = {
			isa = XCConfigurationList;
			buildConfigurations = (
				825770FC2BA6F30F0020E335 /* Debug */,
				825770FD2BA6F30F0020E335 /* Release */,
			);
			defaultConfigurationIsVisible = 0;
			defaultConfigurationName = Release;
		};
		825770FE2BA6F30F0020E335 /* Build configuration list for PBXNativeTarget "Twitch Bot" */ = {
			isa = XCConfigurationList;
			buildConfigurations = (
				825770FF2BA6F30F0020E335 /* Debug */,
				825771002BA6F30F0020E335 /* Release */,
			);
			defaultConfigurationIsVisible = 0;
			defaultConfigurationName = Release;
		};
/* End XCConfigurationList section */
	};
	rootObject = 825770EF2BA6F30F0020E335 /* Project object */;
}
